
Microsoft Visual Studio Solution File, Format Version 12.00
# Visual Studio 2013
VisualStudioVersion = 12.0.31101.0
MinimumVisualStudioVersion = 10.0.40219.1
Project("{FAE04EC0-301F-11D3-BF4B-00C04F79EFBC}") = "Web", "Web\Web.csproj", "{AD4EDE1A-11A1-44AB-9B77-4A8D564EC5B8}"
EndProject
Project("{FAE04EC0-301F-11D3-BF4B-00C04F79EFBC}") = "Migrations", "Migrations\Migrations.csproj", "{E7EF33FB-D897-4CF8-9DA3-764C0E5E4165}"
EndProject
Project("{FAE04EC0-301F-11D3-BF4B-00C04F79EFBC}") = "Model", "Model\Model.csproj", "{FF7D41DE-34C3-430F-925C-CAE8645CD628}"
EndProject
Project("{FAE04EC0-301F-11D3-BF4B-00C04F79EFBC}") = "Service", "Service\Service.csproj", "{9807F7A4-BAE7-4149-9F38-6A737B60123F}"
EndProject
Project("{2150E333-8FDC-42A3-9474-1A3956D46DE8}") = "Common", "Common", "{50E3B192-2A72-4E73-8089-F5C1E6B4153E}"
EndProject
Project("{FAE04EC0-301F-11D3-BF4B-00C04F79EFBC}") = "Storage", "..\Common\Storage\Storage.csproj", "{8006BBD9-B936-4C4F-AE77-BF96D9ADEAA3}"
EndProject
Project("{FAE04EC0-301F-11D3-BF4B-00C04F79EFBC}") = "Storage.NHibernate", "..\Common\Storage.NHibernate\Storage.NHibernate.csproj", "{76EC83E0-C601-4CAF-A14A-0F497D8E2B51}"
EndProject
Project("{FAE04EC0-301F-11D3-BF4B-00C04F79EFBC}") = "Utils.Extensions", "..\Common\Utils.Extensions\Utils.Extensions.csproj", "{76814548-C0CC-4CF6-8EF8-5E24A2B94A53}"
EndProject
Global
	GlobalSection(SolutionConfigurationPlatforms) = preSolution
		Debug|Any CPU = Debug|Any CPU
		Release|Any CPU = Release|Any CPU
	EndGlobalSection
	GlobalSection(ProjectConfigurationPlatforms) = postSolution
		{AD4EDE1A-11A1-44AB-9B77-4A8D564EC5B8}.Debug|Any CPU.ActiveCfg = Debug|Any CPU
		{AD4EDE1A-11A1-44AB-9B77-4A8D564EC5B8}.Debug|Any CPU.Build.0 = Debug|Any CPU
		{AD4EDE1A-11A1-44AB-9B77-4A8D564EC5B8}.Release|Any CPU.ActiveCfg = Release|Any CPU
		{AD4EDE1A-11A1-44AB-9B77-4A8D564EC5B8}.Release|Any CPU.Build.0 = Release|Any CPU
		{E7EF33FB-D897-4CF8-9DA3-764C0E5E4165}.Debug|Any CPU.ActiveCfg = Debug|Any CPU
		{E7EF33FB-D897-4CF8-9DA3-764C0E5E4165}.Debug|Any CPU.Build.0 = Debug|Any CPU
		{E7EF33FB-D897-4CF8-9DA3-764C0E5E4165}.Release|Any CPU.ActiveCfg = Release|Any CPU
		{E7EF33FB-D897-4CF8-9DA3-764C0E5E4165}.Release|Any CPU.Build.0 = Release|Any CPU
		{FF7D41DE-34C3-430F-925C-CAE8645CD628}.Debug|Any CPU.ActiveCfg = Debug|Any CPU
		{FF7D41DE-34C3-430F-925C-CAE8645CD628}.Debug|Any CPU.Build.0 = Debug|Any CPU
		{FF7D41DE-34C3-430F-925C-CAE8645CD628}.Release|Any CPU.ActiveCfg = Release|Any CPU
		{FF7D41DE-34C3-430F-925C-CAE8645CD628}.Release|Any CPU.Build.0 = Release|Any CPU
		{9807F7A4-BAE7-4149-9F38-6A737B60123F}.Debug|Any CPU.ActiveCfg = Debug|Any CPU
		{9807F7A4-BAE7-4149-9F38-6A737B60123F}.Debug|Any CPU.Build.0 = Debug|Any CPU
		{9807F7A4-BAE7-4149-9F38-6A737B60123F}.Release|Any CPU.ActiveCfg = Release|Any CPU
		{9807F7A4-BAE7-4149-9F38-6A737B60123F}.Release|Any CPU.Build.0 = Release|Any CPU
		{8006BBD9-B936-4C4F-AE77-BF96D9ADEAA3}.Debug|Any CPU.ActiveCfg = Debug|Any CPU
		{8006BBD9-B936-4C4F-AE77-BF96D9ADEAA3}.Debug|Any CPU.Build.0 = Debug|Any CPU
		{8006BBD9-B936-4C4F-AE77-BF96D9ADEAA3}.Release|Any CPU.ActiveCfg = Release|Any CPU
		{8006BBD9-B936-4C4F-AE77-BF96D9ADEAA3}.Release|Any CPU.Build.0 = Release|Any CPU
		{76EC83E0-C601-4CAF-A14A-0F497D8E2B51}.Debug|Any CPU.ActiveCfg = Debug|Any CPU
		{76EC83E0-C601-4CAF-A14A-0F497D8E2B51}.Debug|Any CPU.Build.0 = Debug|Any CPU
		{76EC83E0-C601-4CAF-A14A-0F497D8E2B51}.Release|Any CPU.ActiveCfg = Release|Any CPU
		{76EC83E0-C601-4CAF-A14A-0F497D8E2B51}.Release|Any CPU.Build.0 = Release|Any CPU
		{76814548-C0CC-4CF6-8EF8-5E24A2B94A53}.Debug|Any CPU.ActiveCfg = Debug|Any CPU
		{76814548-C0CC-4CF6-8EF8-5E24A2B94A53}.Debug|Any CPU.Build.0 = Debug|Any CPU
		{76814548-C0CC-4CF6-8EF8-5E24A2B94A53}.Release|Any CPU.ActiveCfg = Release|Any CPU
		{76814548-C0CC-4CF6-8EF8-5E24A2B94A53}.Release|Any CPU.Build.0 = Release|Any CPU
	EndGlobalSection
	GlobalSection(SolutionProperties) = preSolution
		HideSolutionNode = FALSE
	EndGlobalSection
	GlobalSection(NestedProjects) = preSolution
		{8006BBD9-B936-4C4F-AE77-BF96D9ADEAA3} = {50E3B192-2A72-4E73-8089-F5C1E6B4153E}
		{76EC83E0-C601-4CAF-A14A-0F497D8E2B51} = {50E3B192-2A72-4E73-8089-F5C1E6B4153E}
		{76814548-C0CC-4CF6-8EF8-5E24A2B94A53} = {50E3B192-2A72-4E73-8089-F5C1E6B4153E}
	EndGlobalSection
EndGlobal
